// !$*UTF8*$!
{
	archiveVersion = 1;
	classes = {
	};
	objectVersion = 56;
	objects = {

/* Begin PBXBuildFile section */
		7913BA5629E53F510009A403 /* ReminderListStyle.swift in Sources */ = {isa = PBXBuildFile; fileRef = 7913BA5529E53F510009A403 /* ReminderListStyle.swift */; };
		7913BA5829E5468C0009A403 /* ProgressHeaderView.swift in Sources */ = {isa = PBXBuildFile; fileRef = 7913BA5729E5468C0009A403 /* ProgressHeaderView.swift */; };
		7913BA5A29E550DF0009A403 /* CAGradientLayer+ListStyle.swift in Sources */ = {isa = PBXBuildFile; fileRef = 7913BA5929E550DF0009A403 /* CAGradientLayer+ListStyle.swift */; };
		7930F38829D1ADC400DA6B8D /* ReminderViewController.swift in Sources */ = {isa = PBXBuildFile; fileRef = 7930F38729D1ADC400DA6B8D /* ReminderViewController.swift */; };
		7930F38B29D1B00B00DA6B8D /* ReminderViewController+Row.swift in Sources */ = {isa = PBXBuildFile; fileRef = 7930F38A29D1B00B00DA6B8D /* ReminderViewController+Row.swift */; };
		79AC628529ED25A400F5AF06 /* TodayError.swift in Sources */ = {isa = PBXBuildFile; fileRef = 79AC628429ED25A400F5AF06 /* TodayError.swift */; };
		79AC628729ED263B00F5AF06 /* EKEventStore+AsyncFetch.swift in Sources */ = {isa = PBXBuildFile; fileRef = 79AC628629ED263B00F5AF06 /* EKEventStore+AsyncFetch.swift */; };
		79AC628929ED27E700F5AF06 /* Reminder+EKReminder.swift in Sources */ = {isa = PBXBuildFile; fileRef = 79AC628829ED27E700F5AF06 /* Reminder+EKReminder.swift */; };
		79AC628B29ED28E900F5AF06 /* ReminderStore.swift in Sources */ = {isa = PBXBuildFile; fileRef = 79AC628A29ED28E900F5AF06 /* ReminderStore.swift */; };
		79AC628D29ED5FB000F5AF06 /* EKReminder+Reminder.swift in Sources */ = {isa = PBXBuildFile; fileRef = 79AC628C29ED5FB000F5AF06 /* EKReminder+Reminder.swift */; };
		79AC629429ED6D5200F5AF06 /* ding.wav in Resources */ = {isa = PBXBuildFile; fileRef = 79AC629329ED6D5200F5AF06 /* ding.wav */; };
		79AC629629ED6D6700F5AF06 /* AVPlayer + Ding.swift in Sources */ = {isa = PBXBuildFile; fileRef = 79AC629529ED6D6700F5AF06 /* AVPlayer + Ding.swift */; };
		79B0BDB929DBEF420095C20E /* ReminderViewController+Section.swift in Sources */ = {isa = PBXBuildFile; fileRef = 79B0BDB829DBEF420095C20E /* ReminderViewController+Section.swift */; };
		79CB0FC729DD84390036806E /* ReminderViewController+CellConfiguration.swift in Sources */ = {isa = PBXBuildFile; fileRef = 79CB0FC629DD84390036806E /* ReminderViewController+CellConfiguration.swift */; };
		79CB0FCA29DD86860036806E /* UIView+PinnedSubview.swift in Sources */ = {isa = PBXBuildFile; fileRef = 79CB0FC929DD86860036806E /* UIView+PinnedSubview.swift */; };
		79CB0FCC29DD8A9A0036806E /* TextFieldContentView.swift in Sources */ = {isa = PBXBuildFile; fileRef = 79CB0FCB29DD8A9A0036806E /* TextFieldContentView.swift */; };
		79CB0FCE29DD8C2D0036806E /* UIContentConfiguration+Stateless.swift in Sources */ = {isa = PBXBuildFile; fileRef = 79CB0FCD29DD8C2D0036806E /* UIContentConfiguration+Stateless.swift */; };
		79CB0FD029DD92840036806E /* TextViewContentView.swift in Sources */ = {isa = PBXBuildFile; fileRef = 79CB0FCF29DD92840036806E /* TextViewContentView.swift */; };
		79CB0FD229DD93780036806E /* DatePickerContentView.swift in Sources */ = {isa = PBXBuildFile; fileRef = 79CB0FD129DD93780036806E /* DatePickerContentView.swift */; };
		79D720AC29CD42B200EB32E7 /* AppDelegate.swift in Sources */ = {isa = PBXBuildFile; fileRef = 79D720AB29CD42B200EB32E7 /* AppDelegate.swift */; };
		79D720AE29CD42B200EB32E7 /* SceneDelegate.swift in Sources */ = {isa = PBXBuildFile; fileRef = 79D720AD29CD42B200EB32E7 /* SceneDelegate.swift */; };
		79D720B329CD42B200EB32E7 /* Main.storyboard in Resources */ = {isa = PBXBuildFile; fileRef = 79D720B129CD42B200EB32E7 /* Main.storyboard */; };
		79D720B529CD42B300EB32E7 /* Assets.xcassets in Resources */ = {isa = PBXBuildFile; fileRef = 79D720B429CD42B300EB32E7 /* Assets.xcassets */; };
		79D720B829CD42B300EB32E7 /* LaunchScreen.storyboard in Resources */ = {isa = PBXBuildFile; fileRef = 79D720B629CD42B300EB32E7 /* LaunchScreen.storyboard */; };
		79D720C129CD43CC00EB32E7 /* Reminder.swift in Sources */ = {isa = PBXBuildFile; fileRef = 79D720C029CD43CC00EB32E7 /* Reminder.swift */; };
		79D720C329CD45B800EB32E7 /* ReminderListViewController.swift in Sources */ = {isa = PBXBuildFile; fileRef = 79D720C229CD45B800EB32E7 /* ReminderListViewController.swift */; };
		79D720C829CD624900EB32E7 /* Date + Today.swift in Sources */ = {isa = PBXBuildFile; fileRef = 79D720C729CD624900EB32E7 /* Date + Today.swift */; };
		79D720CA29CD66C500EB32E7 /* UIColor + Today.swift in Sources */ = {isa = PBXBuildFile; fileRef = 79D720C929CD66C500EB32E7 /* UIColor + Today.swift */; };
		79D720CC29CD673500EB32E7 /* ReminderListViewController+DataSource.swift in Sources */ = {isa = PBXBuildFile; fileRef = 79D720CB29CD673500EB32E7 /* ReminderListViewController+DataSource.swift */; };
		79D720CE29CDA19100EB32E7 /* ReminderDoneButton.swift in Sources */ = {isa = PBXBuildFile; fileRef = 79D720CD29CDA19100EB32E7 /* ReminderDoneButton.swift */; };
		79D720D029CDA28300EB32E7 /* ReminderListViewController+Actions.swift in Sources */ = {isa = PBXBuildFile; fileRef = 79D720CF29CDA28300EB32E7 /* ReminderListViewController+Actions.swift */; };
/* End PBXBuildFile section */

/* Begin PBXFileReference section */
		7913BA5529E53F510009A403 /* ReminderListStyle.swift */ = {isa = PBXFileReference; lastKnownFileType = sourcecode.swift; path = ReminderListStyle.swift; sourceTree = "<group>"; };
		7913BA5729E5468C0009A403 /* ProgressHeaderView.swift */ = {isa = PBXFileReference; lastKnownFileType = sourcecode.swift; path = ProgressHeaderView.swift; sourceTree = "<group>"; };
		7913BA5929E550DF0009A403 /* CAGradientLayer+ListStyle.swift */ = {isa = PBXFileReference; lastKnownFileType = sourcecode.swift; path = "CAGradientLayer+ListStyle.swift"; sourceTree = "<group>"; };
		7930F38729D1ADC400DA6B8D /* ReminderViewController.swift */ = {isa = PBXFileReference; lastKnownFileType = sourcecode.swift; path = ReminderViewController.swift; sourceTree = "<group>"; };
		7930F38A29D1B00B00DA6B8D /* ReminderViewController+Row.swift */ = {isa = PBXFileReference; lastKnownFileType = sourcecode.swift; path = "ReminderViewController+Row.swift"; sourceTree = "<group>"; };
		79AC628429ED25A400F5AF06 /* TodayError.swift */ = {isa = PBXFileReference; lastKnownFileType = sourcecode.swift; path = TodayError.swift; sourceTree = "<group>"; };
		79AC628629ED263B00F5AF06 /* EKEventStore+AsyncFetch.swift */ = {isa = PBXFileReference; lastKnownFileType = sourcecode.swift; path = "EKEventStore+AsyncFetch.swift"; sourceTree = "<group>"; };
		79AC628829ED27E700F5AF06 /* Reminder+EKReminder.swift */ = {isa = PBXFileReference; lastKnownFileType = sourcecode.swift; path = "Reminder+EKReminder.swift"; sourceTree = "<group>"; };
		79AC628A29ED28E900F5AF06 /* ReminderStore.swift */ = {isa = PBXFileReference; lastKnownFileType = sourcecode.swift; path = ReminderStore.swift; sourceTree = "<group>"; };
		79AC628C29ED5FB000F5AF06 /* EKReminder+Reminder.swift */ = {isa = PBXFileReference; lastKnownFileType = sourcecode.swift; path = "EKReminder+Reminder.swift"; sourceTree = "<group>"; };
		79AC629329ED6D5200F5AF06 /* ding.wav */ = {isa = PBXFileReference; lastKnownFileType = audio.wav; path = ding.wav; sourceTree = "<group>"; };
		79AC629529ED6D6700F5AF06 /* AVPlayer + Ding.swift */ = {isa = PBXFileReference; fileEncoding = 4; lastKnownFileType = sourcecode.swift; path = "AVPlayer + Ding.swift"; sourceTree = "<group>"; };
		79B0BDB829DBEF420095C20E /* ReminderViewController+Section.swift */ = {isa = PBXFileReference; lastKnownFileType = sourcecode.swift; path = "ReminderViewController+Section.swift"; sourceTree = "<group>"; };
		79CB0FC629DD84390036806E /* ReminderViewController+CellConfiguration.swift */ = {isa = PBXFileReference; lastKnownFileType = sourcecode.swift; path = "ReminderViewController+CellConfiguration.swift"; sourceTree = "<group>"; };
		79CB0FC929DD86860036806E /* UIView+PinnedSubview.swift */ = {isa = PBXFileReference; lastKnownFileType = sourcecode.swift; path = "UIView+PinnedSubview.swift"; sourceTree = "<group>"; };
		79CB0FCB29DD8A9A0036806E /* TextFieldContentView.swift */ = {isa = PBXFileReference; lastKnownFileType = sourcecode.swift; path = TextFieldContentView.swift; sourceTree = "<group>"; };
		79CB0FCD29DD8C2D0036806E /* UIContentConfiguration+Stateless.swift */ = {isa = PBXFileReference; lastKnownFileType = sourcecode.swift; path = "UIContentConfiguration+Stateless.swift"; sourceTree = "<group>"; };
		79CB0FCF29DD92840036806E /* TextViewContentView.swift */ = {isa = PBXFileReference; lastKnownFileType = sourcecode.swift; path = TextViewContentView.swift; sourceTree = "<group>"; };
		79CB0FD129DD93780036806E /* DatePickerContentView.swift */ = {isa = PBXFileReference; lastKnownFileType = sourcecode.swift; path = DatePickerContentView.swift; sourceTree = "<group>"; };
		79D720A829CD42B200EB32E7 /* Today.app */ = {isa = PBXFileReference; explicitFileType = wrapper.application; includeInIndex = 0; path = Today.app; sourceTree = BUILT_PRODUCTS_DIR; };
		79D720AB29CD42B200EB32E7 /* AppDelegate.swift */ = {isa = PBXFileReference; lastKnownFileType = sourcecode.swift; path = AppDelegate.swift; sourceTree = "<group>"; };
		79D720AD29CD42B200EB32E7 /* SceneDelegate.swift */ = {isa = PBXFileReference; lastKnownFileType = sourcecode.swift; path = SceneDelegate.swift; sourceTree = "<group>"; };
		79D720B229CD42B200EB32E7 /* Base */ = {isa = PBXFileReference; lastKnownFileType = file.storyboard; name = Base; path = Base.lproj/Main.storyboard; sourceTree = "<group>"; };
		79D720B429CD42B300EB32E7 /* Assets.xcassets */ = {isa = PBXFileReference; lastKnownFileType = folder.assetcatalog; path = Assets.xcassets; sourceTree = "<group>"; };
		79D720B729CD42B300EB32E7 /* Base */ = {isa = PBXFileReference; lastKnownFileType = file.storyboard; name = Base; path = Base.lproj/LaunchScreen.storyboard; sourceTree = "<group>"; };
		79D720B929CD42B300EB32E7 /* Info.plist */ = {isa = PBXFileReference; lastKnownFileType = text.plist.xml; path = Info.plist; sourceTree = "<group>"; };
		79D720C029CD43CC00EB32E7 /* Reminder.swift */ = {isa = PBXFileReference; lastKnownFileType = sourcecode.swift; path = Reminder.swift; sourceTree = "<group>"; };
		79D720C229CD45B800EB32E7 /* ReminderListViewController.swift */ = {isa = PBXFileReference; lastKnownFileType = sourcecode.swift; path = ReminderListViewController.swift; sourceTree = "<group>"; };
		79D720C729CD624900EB32E7 /* Date + Today.swift */ = {isa = PBXFileReference; lastKnownFileType = sourcecode.swift; path = "Date + Today.swift"; sourceTree = "<group>"; };
		79D720C929CD66C500EB32E7 /* UIColor + Today.swift */ = {isa = PBXFileReference; lastKnownFileType = sourcecode.swift; path = "UIColor + Today.swift"; sourceTree = "<group>"; };
		79D720CB29CD673500EB32E7 /* ReminderListViewController+DataSource.swift */ = {isa = PBXFileReference; lastKnownFileType = sourcecode.swift; path = "ReminderListViewController+DataSource.swift"; sourceTree = "<group>"; };
		79D720CD29CDA19100EB32E7 /* ReminderDoneButton.swift */ = {isa = PBXFileReference; lastKnownFileType = sourcecode.swift; path = ReminderDoneButton.swift; sourceTree = "<group>"; };
		79D720CF29CDA28300EB32E7 /* ReminderListViewController+Actions.swift */ = {isa = PBXFileReference; lastKnownFileType = sourcecode.swift; path = "ReminderListViewController+Actions.swift"; sourceTree = "<group>"; };
/* End PBXFileReference section */

/* Begin PBXFrameworksBuildPhase section */
		79D720A529CD42B200EB32E7 /* Frameworks */ = {
			isa = PBXFrameworksBuildPhase;
			buildActionMask = 2147483647;
			files = (
			);
			runOnlyForDeploymentPostprocessing = 0;
		};
/* End PBXFrameworksBuildPhase section */

/* Begin PBXGroup section */
		7930F38929D1AFCB00DA6B8D /* DetailViewController */ = {
			isa = PBXGroup;
			children = (
				7930F38729D1ADC400DA6B8D /* ReminderViewController.swift */,
				7930F38A29D1B00B00DA6B8D /* ReminderViewController+Row.swift */,
				79B0BDB829DBEF420095C20E /* ReminderViewController+Section.swift */,
				79CB0FC629DD84390036806E /* ReminderViewController+CellConfiguration.swift */,
			);
			path = DetailViewController;
			sourceTree = "<group>";
		};
		79AC629229ED6D3000F5AF06 /* Resources */ = {
			isa = PBXGroup;
			children = (
				79AC629329ED6D5200F5AF06 /* ding.wav */,
				79D720B429CD42B300EB32E7 /* Assets.xcassets */,
			);
			path = Resources;
			sourceTree = "<group>";
		};
		79CB0FC829DD86500036806E /* ContentViews */ = {
			isa = PBXGroup;
			children = (
				79CB0FCF29DD92840036806E /* TextViewContentView.swift */,
				79CB0FCB29DD8A9A0036806E /* TextFieldContentView.swift */,
				79CB0FC929DD86860036806E /* UIView+PinnedSubview.swift */,
				79CB0FCD29DD8C2D0036806E /* UIContentConfiguration+Stateless.swift */,
				79CB0FD129DD93780036806E /* DatePickerContentView.swift */,
			);
			path = ContentViews;
			sourceTree = "<group>";
		};
		79D7209F29CD42B200EB32E7 = {
			isa = PBXGroup;
			children = (
				79D720AA29CD42B200EB32E7 /* Today */,
				79D720A929CD42B200EB32E7 /* Products */,
			);
			sourceTree = "<group>";
		};
		79D720A929CD42B200EB32E7 /* Products */ = {
			isa = PBXGroup;
			children = (
				79D720A829CD42B200EB32E7 /* Today.app */,
			);
			name = Products;
			sourceTree = "<group>";
		};
		79D720AA29CD42B200EB32E7 /* Today */ = {
			isa = PBXGroup;
			children = (
				79D720C629CD463800EB32E7 /* ListViewController */,
				7930F38929D1AFCB00DA6B8D /* DetailViewController */,
				79CB0FC829DD86500036806E /* ContentViews */,
				79D720C529CD462E00EB32E7 /* Storyboards */,
				79D720BF29CD43A400EB32E7 /* Models */,
				79D720C429CD45FC00EB32E7 /* App */,
				79AC629229ED6D3000F5AF06 /* Resources */,
			);
			path = Today;
			sourceTree = "<group>";
		};
		79D720BF29CD43A400EB32E7 /* Models */ = {
			isa = PBXGroup;
			children = (
				79D720C029CD43CC00EB32E7 /* Reminder.swift */,
				79D720C729CD624900EB32E7 /* Date + Today.swift */,
				7913BA5529E53F510009A403 /* ReminderListStyle.swift */,
				7913BA5929E550DF0009A403 /* CAGradientLayer+ListStyle.swift */,
				79AC628629ED263B00F5AF06 /* EKEventStore+AsyncFetch.swift */,
				79AC628829ED27E700F5AF06 /* Reminder+EKReminder.swift */,
				79AC628A29ED28E900F5AF06 /* ReminderStore.swift */,
				79D720C929CD66C500EB32E7 /* UIColor + Today.swift */,
				79AC628429ED25A400F5AF06 /* TodayError.swift */,
				79AC628C29ED5FB000F5AF06 /* EKReminder+Reminder.swift */,
				79AC629529ED6D6700F5AF06 /* AVPlayer + Ding.swift */,
			);
			path = Models;
			sourceTree = "<group>";
		};
		79D720C429CD45FC00EB32E7 /* App */ = {
			isa = PBXGroup;
			children = (
				79D720AB29CD42B200EB32E7 /* AppDelegate.swift */,
				79D720AD29CD42B200EB32E7 /* SceneDelegate.swift */,
				79D720B929CD42B300EB32E7 /* Info.plist */,
			);
			path = App;
			sourceTree = "<group>";
		};
		79D720C529CD462E00EB32E7 /* Storyboards */ = {
			isa = PBXGroup;
			children = (
				79D720B129CD42B200EB32E7 /* Main.storyboard */,
				79D720B629CD42B300EB32E7 /* LaunchScreen.storyboard */,
			);
			path = Storyboards;
			sourceTree = "<group>";
		};
		79D720C629CD463800EB32E7 /* ListViewController */ = {
			isa = PBXGroup;
			children = (
				79D720C229CD45B800EB32E7 /* ReminderListViewController.swift */,
				79D720CB29CD673500EB32E7 /* ReminderListViewController+DataSource.swift */,
				79D720CF29CDA28300EB32E7 /* ReminderListViewController+Actions.swift */,
				79D720CD29CDA19100EB32E7 /* ReminderDoneButton.swift */,
				7913BA5729E5468C0009A403 /* ProgressHeaderView.swift */,
			);
			path = ListViewController;
			sourceTree = "<group>";
		};
/* End PBXGroup section */

/* Begin PBXNativeTarget section */
		79D720A729CD42B200EB32E7 /* Today */ = {
			isa = PBXNativeTarget;
			buildConfigurationList = 79D720BC29CD42B300EB32E7 /* Build configuration list for PBXNativeTarget "Today" */;
			buildPhases = (
				79D720A429CD42B200EB32E7 /* Sources */,
				79D720A529CD42B200EB32E7 /* Frameworks */,
				79D720A629CD42B200EB32E7 /* Resources */,
			);
			buildRules = (
			);
			dependencies = (
			);
			name = Today;
			productName = Today;
			productReference = 79D720A829CD42B200EB32E7 /* Today.app */;
			productType = "com.apple.product-type.application";
		};
/* End PBXNativeTarget section */

/* Begin PBXProject section */
		79D720A029CD42B200EB32E7 /* Project object */ = {
			isa = PBXProject;
			attributes = {
				BuildIndependentTargetsInParallel = 1;
				LastSwiftUpdateCheck = 1420;
				LastUpgradeCheck = 1420;
				TargetAttributes = {
					79D720A729CD42B200EB32E7 = {
						CreatedOnToolsVersion = 14.2;
					};
				};
			};
			buildConfigurationList = 79D720A329CD42B200EB32E7 /* Build configuration list for PBXProject "Today" */;
			compatibilityVersion = "Xcode 14.0";
			developmentRegion = en;
			hasScannedForEncodings = 0;
			knownRegions = (
				en,
				Base,
			);
			mainGroup = 79D7209F29CD42B200EB32E7;
			productRefGroup = 79D720A929CD42B200EB32E7 /* Products */;
			projectDirPath = "";
			projectRoot = "";
			targets = (
				79D720A729CD42B200EB32E7 /* Today */,
			);
		};
/* End PBXProject section */

/* Begin PBXResourcesBuildPhase section */
		79D720A629CD42B200EB32E7 /* Resources */ = {
			isa = PBXResourcesBuildPhase;
			buildActionMask = 2147483647;
			files = (
				79D720B829CD42B300EB32E7 /* LaunchScreen.storyboard in Resources */,
				79D720B529CD42B300EB32E7 /* Assets.xcassets in Resources */,
				79AC629429ED6D5200F5AF06 /* ding.wav in Resources */,
				79D720B329CD42B200EB32E7 /* Main.storyboard in Resources */,
			);
			runOnlyForDeploymentPostprocessing = 0;
		};
/* End PBXResourcesBuildPhase section */

/* Begin PBXSourcesBuildPhase section */
		79D720A429CD42B200EB32E7 /* Sources */ = {
			isa = PBXSourcesBuildPhase;
			buildActionMask = 2147483647;
			files = (
				7913BA5829E5468C0009A403 /* ProgressHeaderView.swift in Sources */,
				79CB0FCA29DD86860036806E /* UIView+PinnedSubview.swift in Sources */,
				79B0BDB929DBEF420095C20E /* ReminderViewController+Section.swift in Sources */,
				79CB0FD229DD93780036806E /* DatePickerContentView.swift in Sources */,
				79D720AC29CD42B200EB32E7 /* AppDelegate.swift in Sources */,
				79D720D029CDA28300EB32E7 /* ReminderListViewController+Actions.swift in Sources */,
				79AC628529ED25A400F5AF06 /* TodayError.swift in Sources */,
				7930F38829D1ADC400DA6B8D /* ReminderViewController.swift in Sources */,
				7913BA5629E53F510009A403 /* ReminderListStyle.swift in Sources */,
				79AC629629ED6D6700F5AF06 /* AVPlayer + Ding.swift in Sources */,
				79CB0FCE29DD8C2D0036806E /* UIContentConfiguration+Stateless.swift in Sources */,
				79D720CA29CD66C500EB32E7 /* UIColor + Today.swift in Sources */,
				79D720C829CD624900EB32E7 /* Date + Today.swift in Sources */,
				79CB0FCC29DD8A9A0036806E /* TextFieldContentView.swift in Sources */,
				79CB0FD029DD92840036806E /* TextViewContentView.swift in Sources */,
				7930F38B29D1B00B00DA6B8D /* ReminderViewController+Row.swift in Sources */,
				79D720CE29CDA19100EB32E7 /* ReminderDoneButton.swift in Sources */,
				79D720AE29CD42B200EB32E7 /* SceneDelegate.swift in Sources */,
				79CB0FC729DD84390036806E /* ReminderViewController+CellConfiguration.swift in Sources */,
				79D720CC29CD673500EB32E7 /* ReminderListViewController+DataSource.swift in Sources */,
				79AC628929ED27E700F5AF06 /* Reminder+EKReminder.swift in Sources */,
				79AC628729ED263B00F5AF06 /* EKEventStore+AsyncFetch.swift in Sources */,
				79D720C329CD45B800EB32E7 /* ReminderListViewController.swift in Sources */,
				7913BA5A29E550DF0009A403 /* CAGradientLayer+ListStyle.swift in Sources */,
				79D720C129CD43CC00EB32E7 /* Reminder.swift in Sources */,
				79AC628B29ED28E900F5AF06 /* ReminderStore.swift in Sources */,
				79AC628D29ED5FB000F5AF06 /* EKReminder+Reminder.swift in Sources */,
			);
			runOnlyForDeploymentPostprocessing = 0;
		};
/* End PBXSourcesBuildPhase section */

/* Begin PBXVariantGroup section */
		79D720B129CD42B200EB32E7 /* Main.storyboard */ = {
			isa = PBXVariantGroup;
			children = (
				79D720B229CD42B200EB32E7 /* Base */,
			);
			name = Main.storyboard;
			sourceTree = "<group>";
		};
		79D720B629CD42B300EB32E7 /* LaunchScreen.storyboard */ = {
			isa = PBXVariantGroup;
			children = (
				79D720B729CD42B300EB32E7 /* Base */,
			);
			name = LaunchScreen.storyboard;
			sourceTree = "<group>";
		};
/* End PBXVariantGroup section */

/* Begin XCBuildConfiguration section */
		79D720BA29CD42B300EB32E7 /* Debug */ = {
			isa = XCBuildConfiguration;
			buildSettings = {
				ALWAYS_SEARCH_USER_PATHS = NO;
				CLANG_ANALYZER_NONNULL = YES;
				CLANG_ANALYZER_NUMBER_OBJECT_CONVERSION = YES_AGGRESSIVE;
				CLANG_CXX_LANGUAGE_STANDARD = "gnu++20";
				CLANG_ENABLE_MODULES = YES;
				CLANG_ENABLE_OBJC_ARC = YES;
				CLANG_ENABLE_OBJC_WEAK = YES;
				CLANG_WARN_BLOCK_CAPTURE_AUTORELEASING = YES;
				CLANG_WARN_BOOL_CONVERSION = YES;
				CLANG_WARN_COMMA = YES;
				CLANG_WARN_CONSTANT_CONVERSION = YES;
				CLANG_WARN_DEPRECATED_OBJC_IMPLEMENTATIONS = YES;
				CLANG_WARN_DIRECT_OBJC_ISA_USAGE = YES_ERROR;
				CLANG_WARN_DOCUMENTATION_COMMENTS = YES;
				CLANG_WARN_EMPTY_BODY = YES;
				CLANG_WARN_ENUM_CONVERSION = YES;
				CLANG_WARN_INFINITE_RECURSION = YES;
				CLANG_WARN_INT_CONVERSION = YES;
				CLANG_WARN_NON_LITERAL_NULL_CONVERSION = YES;
				CLANG_WARN_OBJC_IMPLICIT_RETAIN_SELF = YES;
				CLANG_WARN_OBJC_LITERAL_CONVERSION = YES;
				CLANG_WARN_OBJC_ROOT_CLASS = YES_ERROR;
				CLANG_WARN_QUOTED_INCLUDE_IN_FRAMEWORK_HEADER = YES;
				CLANG_WARN_RANGE_LOOP_ANALYSIS = YES;
				CLANG_WARN_STRICT_PROTOTYPES = YES;
				CLANG_WARN_SUSPICIOUS_MOVE = YES;
				CLANG_WARN_UNGUARDED_AVAILABILITY = YES_AGGRESSIVE;
				CLANG_WARN_UNREACHABLE_CODE = YES;
				CLANG_WARN__DUPLICATE_METHOD_MATCH = YES;
				COPY_PHASE_STRIP = NO;
				DEBUG_INFORMATION_FORMAT = dwarf;
				ENABLE_STRICT_OBJC_MSGSEND = YES;
				ENABLE_TESTABILITY = YES;
				GCC_C_LANGUAGE_STANDARD = gnu11;
				GCC_DYNAMIC_NO_PIC = NO;
				GCC_NO_COMMON_BLOCKS = YES;
				GCC_OPTIMIZATION_LEVEL = 0;
				GCC_PREPROCESSOR_DEFINITIONS = (
					"DEBUG=1",
					"$(inherited)",
				);
				GCC_WARN_64_TO_32_BIT_CONVERSION = YES;
				GCC_WARN_ABOUT_RETURN_TYPE = YES_ERROR;
				GCC_WARN_UNDECLARED_SELECTOR = YES;
				GCC_WARN_UNINITIALIZED_AUTOS = YES_AGGRESSIVE;
				GCC_WARN_UNUSED_FUNCTION = YES;
				GCC_WARN_UNUSED_VARIABLE = YES;
				IPHONEOS_DEPLOYMENT_TARGET = 16.2;
				MTL_ENABLE_DEBUG_INFO = INCLUDE_SOURCE;
				MTL_FAST_MATH = YES;
				ONLY_ACTIVE_ARCH = YES;
				SDKROOT = iphoneos;
				SWIFT_ACTIVE_COMPILATION_CONDITIONS = DEBUG;
				SWIFT_OPTIMIZATION_LEVEL = "-Onone";
			};
			name = Debug;
		};
		79D720BB29CD42B300EB32E7 /* Release */ = {
			isa = XCBuildConfiguration;
			buildSettings = {
				ALWAYS_SEARCH_USER_PATHS = NO;
				CLANG_ANALYZER_NONNULL = YES;
				CLANG_ANALYZER_NUMBER_OBJECT_CONVERSION = YES_AGGRESSIVE;
				CLANG_CXX_LANGUAGE_STANDARD = "gnu++20";
				CLANG_ENABLE_MODULES = YES;
				CLANG_ENABLE_OBJC_ARC = YES;
				CLANG_ENABLE_OBJC_WEAK = YES;
				CLANG_WARN_BLOCK_CAPTURE_AUTORELEASING = YES;
				CLANG_WARN_BOOL_CONVERSION = YES;
				CLANG_WARN_COMMA = YES;
				CLANG_WARN_CONSTANT_CONVERSION = YES;
				CLANG_WARN_DEPRECATED_OBJC_IMPLEMENTATIONS = YES;
				CLANG_WARN_DIRECT_OBJC_ISA_USAGE = YES_ERROR;
				CLANG_WARN_DOCUMENTATION_COMMENTS = YES;
				CLANG_WARN_EMPTY_BODY = YES;
				CLANG_WARN_ENUM_CONVERSION = YES;
				CLANG_WARN_INFINITE_RECURSION = YES;
				CLANG_WARN_INT_CONVERSION = YES;
				CLANG_WARN_NON_LITERAL_NULL_CONVERSION = YES;
				CLANG_WARN_OBJC_IMPLICIT_RETAIN_SELF = YES;
				CLANG_WARN_OBJC_LITERAL_CONVERSION = YES;
				CLANG_WARN_OBJC_ROOT_CLASS = YES_ERROR;
				CLANG_WARN_QUOTED_INCLUDE_IN_FRAMEWORK_HEADER = YES;
				CLANG_WARN_RANGE_LOOP_ANALYSIS = YES;
				CLANG_WARN_STRICT_PROTOTYPES = YES;
				CLANG_WARN_SUSPICIOUS_MOVE = YES;
				CLANG_WARN_UNGUARDED_AVAILABILITY = YES_AGGRESSIVE;
				CLANG_WARN_UNREACHABLE_CODE = YES;
				CLANG_WARN__DUPLICATE_METHOD_MATCH = YES;
				COPY_PHASE_STRIP = NO;
				DEBUG_INFORMATION_FORMAT = "dwarf-with-dsym";
				ENABLE_NS_ASSERTIONS = NO;
				ENABLE_STRICT_OBJC_MSGSEND = YES;
				GCC_C_LANGUAGE_STANDARD = gnu11;
				GCC_NO_COMMON_BLOCKS = YES;
				GCC_WARN_64_TO_32_BIT_CONVERSION = YES;
				GCC_WARN_ABOUT_RETURN_TYPE = YES_ERROR;
				GCC_WARN_UNDECLARED_SELECTOR = YES;
				GCC_WARN_UNINITIALIZED_AUTOS = YES_AGGRESSIVE;
				GCC_WARN_UNUSED_FUNCTION = YES;
				GCC_WARN_UNUSED_VARIABLE = YES;
				IPHONEOS_DEPLOYMENT_TARGET = 16.2;
				MTL_ENABLE_DEBUG_INFO = NO;
				MTL_FAST_MATH = YES;
				SDKROOT = iphoneos;
				SWIFT_COMPILATION_MODE = wholemodule;
				SWIFT_OPTIMIZATION_LEVEL = "-O";
				VALIDATE_PRODUCT = YES;
			};
			name = Release;
		};
		79D720BD29CD42B300EB32E7 /* Debug */ = {
			isa = XCBuildConfiguration;
			buildSettings = {
				ASSETCATALOG_COMPILER_APPICON_NAME = AppIcon;
				ASSETCATALOG_COMPILER_GLOBAL_ACCENT_COLOR_NAME = AccentColor;
				CODE_SIGN_STYLE = Automatic;
				CURRENT_PROJECT_VERSION = 1;
				DEVELOPMENT_TEAM = KKH4UHMTXR;
				GENERATE_INFOPLIST_FILE = YES;
				INFOPLIST_FILE = Today/App/Info.plist;
				INFOPLIST_KEY_NSRemindersUsageDescription = "Your reminders can help you stay on track.";
				INFOPLIST_KEY_UIApplicationSupportsIndirectInputEvents = YES;
				INFOPLIST_KEY_UILaunchStoryboardName = LaunchScreen;
				INFOPLIST_KEY_UIMainStoryboardFile = Main;
				INFOPLIST_KEY_UISupportedInterfaceOrientations_iPad = "UIInterfaceOrientationPortrait UIInterfaceOrientationPortraitUpsideDown UIInterfaceOrientationLandscapeLeft UIInterfaceOrientationLandscapeRight";
				INFOPLIST_KEY_UISupportedInterfaceOrientations_iPhone = "UIInterfaceOrientationPortrait UIInterfaceOrientationLandscapeLeft UIInterfaceOrientationLandscapeRight";
				LD_RUNPATH_SEARCH_PATHS = (
					"$(inherited)",
					"@executable_path/Frameworks",
				);
				MARKETING_VERSION = 1.0;
				PRODUCT_BUNDLE_IDENTIFIER = "Artem-Kharchenko.Today";
				PRODUCT_NAME = "$(TARGET_NAME)";
				SWIFT_EMIT_LOC_STRINGS = YES;
				SWIFT_VERSION = 5.0;
				TARGETED_DEVICE_FAMILY = "1,2";
			};
			name = Debug;
		};
		79D720BE29CD42B300EB32E7 /* Release */ = {
			isa = XCBuildConfiguration;
			buildSettings = {
				ASSETCATALOG_COMPILER_APPICON_NAME = AppIcon;
				ASSETCATALOG_COMPILER_GLOBAL_ACCENT_COLOR_NAME = AccentColor;
				CODE_SIGN_STYLE = Automatic;
				CURRENT_PROJECT_VERSION = 1;
				DEVELOPMENT_TEAM = KKH4UHMTXR;
				GENERATE_INFOPLIST_FILE = YES;
				INFOPLIST_FILE = Today/App/Info.plist;
				INFOPLIST_KEY_NSRemindersUsageDescription = "Your reminders can help you stay on track.";
				INFOPLIST_KEY_UIApplicationSupportsIndirectInputEvents = YES;
				INFOPLIST_KEY_UILaunchStoryboardName = LaunchScreen;
				INFOPLIST_KEY_UIMainStoryboardFile = Main;
				INFOPLIST_KEY_UISupportedInterfaceOrientations_iPad = "UIInterfaceOrientationPortrait UIInterfaceOrientationPortraitUpsideDown UIInterfaceOrientationLandscapeLeft UIInterfaceOrientationLandscapeRight";
				INFOPLIST_KEY_UISupportedInterfaceOrientations_iPhone = "UIInterfaceOrientationPortrait UIInterfaceOrientationLandscapeLeft UIInterfaceOrientationLandscapeRight";
				LD_RUNPATH_SEARCH_PATHS = (
					"$(inherited)",
					"@executable_path/Frameworks",
				);
				MARKETING_VERSION = 1.0;
				PRODUCT_BUNDLE_IDENTIFIER = "Artem-Kharchenko.Today";
				PRODUCT_NAME = "$(TARGET_NAME)";
				SWIFT_EMIT_LOC_STRINGS = YES;
				SWIFT_VERSION = 5.0;
				TARGETED_DEVICE_FAMILY = "1,2";
			};
			name = Release;
		};
/* End XCBuildConfiguration section */

/* Begin XCConfigurationList section */
		79D720A329CD42B200EB32E7 /* Build configuration list for PBXProject "Today" */ = {
			isa = XCConfigurationList;
			buildConfigurations = (
				79D720BA29CD42B300EB32E7 /* Debug */,
				79D720BB29CD42B300EB32E7 /* Release */,
			);
			defaultConfigurationIsVisible = 0;
			defaultConfigurationName = Release;
		};
		79D720BC29CD42B300EB32E7 /* Build configuration list for PBXNativeTarget "Today" */ = {
			isa = XCConfigurationList;
			buildConfigurations = (
				79D720BD29CD42B300EB32E7 /* Debug */,
				79D720BE29CD42B300EB32E7 /* Release */,
			);
			defaultConfigurationIsVisible = 0;
			defaultConfigurationName = Release;
		};
/* End XCConfigurationList section */
	};
	rootObject = 79D720A029CD42B200EB32E7 /* Project object */;
}
